# This file is generated by running "yarn install" inside your project.
# Manual changes might be lost - proceed with caution!

__metadata:
  version: 6
  cacheKey: 8

"@types/node@npm:^17.0.41":
  version: 17.0.41
  resolution: "@types/node@npm:17.0.41"
  checksum: ddaf9e7decb487850a9bbfeb670b41c9d35c5b1597c4c4f889419b65042d776e9041ed533c7afc1bac30cad1e9dcfd984085b4a35312efe8ea5eaf0bd36a8191
  languageName: node
  linkType: hard

"emojibase-data@npm:^7.0.1":
  version: 7.0.1
  resolution: "emojibase-data@npm:7.0.1"
  peerDependencies:
    emojibase: "*"
  checksum: 54335bebf30b9e403b8abc33fed761e0378ebc2aad56b285706bdda20777a3f00ea0700253a853d40f7c20817788adbb580e50cbcb29894a16e2a16f8c1b7f9f
  languageName: node
  linkType: hard

"emojibase@npm:^6.1.0":
  version: 6.1.0
  resolution: "emojibase@npm:6.1.0"
  checksum: a0f975a04451dc30ddbe7dddbfab68a71d209a4003c986ca7dc0171df6cf85605b678483006ee08cc6bb48bccb414de9e1bedab8afc50755d9183794fd2b1b22
  languageName: node
  linkType: hard

"rime-emoji-scheme@workspace:.":
  version: 0.0.0-use.local
  resolution: "rime-emoji-scheme@workspace:."
  dependencies:
    "@types/node": ^17.0.41
    emojibase: ^6.1.0
    emojibase-data: ^7.0.1
    typescript: ^4.7.3
    yaml: ^2.1.1
  languageName: unknown
  linkType: soft

"typescript@npm:^4.7.3":
  version: 4.7.3
  resolution: "typescript@npm:4.7.3"
  bin:
    tsc: bin/tsc
    tsserver: bin/tsserver
  checksum: fd13a1ce53790a36bb8350e1f5e5e384b5f6cb9b0635114a6d01d49cb99916abdcfbc13c7521cdae2f2d3f6d8bc4a8ae7625edf645a04ee940588cd5e7597b2f
  languageName: node
  linkType: hard

"typescript@patch:typescript@^4.7.3#~builtin<compat/typescript>":
  version: 4.7.3
  resolution: "typescript@patch:typescript@npm%3A4.7.3#~builtin<compat/typescript>::version=4.7.3&hash=7ad353"
  bin:
    tsc: bin/tsc
    tsserver: bin/tsserver
  checksum: 137d18a77f52254a284960b16ab53d0619f57b69b5d585804b8413f798a1175ce3e774fb95e6a101868577aafe357d8fcfc9171f0dc9fc0c210e9ae59d107cc0
  languageName: node
  linkType: hard

"yaml@npm:^2.1.1":
  version: 2.1.1
  resolution: "yaml@npm:2.1.1"
  checksum: f48bb209918aa57cfaf78ef6448d1a1f8187f45c746f933268b7023dc59e5456004611879126c9bb5ea55b0a2b1c2b392dfde436931ece0c703a3d754562bb96
  languageName: node
  linkType: hard
